// !$*UTF8*$!
{
	archiveVersion = 1;
	classes = {
	};
	objectVersion = 50;
	objects = {

/* Begin PBXBuildFile section */
		3918C01A243E02F300729BF4 /* LWWElementSetAddTest.swift in Sources */ = {isa = PBXBuildFile; fileRef = 3918C019243E02F300729BF4 /* LWWElementSetAddTest.swift */; };
		3918C01C243E032C00729BF4 /* LWWElementSetRemoveTest.swift in Sources */ = {isa = PBXBuildFile; fileRef = 3918C01B243E032C00729BF4 /* LWWElementSetRemoveTest.swift */; };
		3918C01E243E033900729BF4 /* LWWElementSetCompareTest.swift in Sources */ = {isa = PBXBuildFile; fileRef = 3918C01D243E033900729BF4 /* LWWElementSetCompareTest.swift */; };
		3918C020243E034500729BF4 /* LWWElementSetMergeTest.swift in Sources */ = {isa = PBXBuildFile; fileRef = 3918C01F243E034500729BF4 /* LWWElementSetMergeTest.swift */; };
		3918C023243E045800729BF4 /* MockTimestampGeneratorAlwaysEqual.swift in Sources */ = {isa = PBXBuildFile; fileRef = 3918C022243E045800729BF4 /* MockTimestampGeneratorAlwaysEqual.swift */; };
		396EC369243B5F1C00E147BE /* main.swift in Sources */ = {isa = PBXBuildFile; fileRef = 396EC368243B5F1C00E147BE /* main.swift */; };
		396EC37C243B5FC300E147BE /* LWWElementSetLookupTest.swift in Sources */ = {isa = PBXBuildFile; fileRef = 396EC37B243B5FC300E147BE /* LWWElementSetLookupTest.swift */; };
		396EC37E243B616E00E147BE /* LWWElementSet.swift in Sources */ = {isa = PBXBuildFile; fileRef = 396EC37D243B616E00E147BE /* LWWElementSet.swift */; };
		396EC3CE243B783D00E147BE /* main.swift in Sources */ = {isa = PBXBuildFile; fileRef = 396EC368243B5F1C00E147BE /* main.swift */; };
		396EC3CF243B784000E147BE /* LWWElementSet.swift in Sources */ = {isa = PBXBuildFile; fileRef = 396EC37D243B616E00E147BE /* LWWElementSet.swift */; };
/* End PBXBuildFile section */

/* Begin PBXContainerItemProxy section */
		396EC383243B755100E147BE /* PBXContainerItemProxy */ = {
			isa = PBXContainerItemProxy;
			containerPortal = 396EC35D243B5F1C00E147BE /* Project object */;
			proxyType = 1;
			remoteGlobalIDString = 396EC364243B5F1C00E147BE;
			remoteInfo = CRDT;
		};
/* End PBXContainerItemProxy section */

/* Begin PBXCopyFilesBuildPhase section */
		396EC363243B5F1C00E147BE /* CopyFiles */ = {
			isa = PBXCopyFilesBuildPhase;
			buildActionMask = 2147483647;
			dstPath = /usr/share/man/man1/;
			dstSubfolderSpec = 0;
			files = (
			);
			runOnlyForDeploymentPostprocessing = 1;
		};
/* End PBXCopyFilesBuildPhase section */

/* Begin PBXFileReference section */
		3918C019243E02F300729BF4 /* LWWElementSetAddTest.swift */ = {isa = PBXFileReference; lastKnownFileType = sourcecode.swift; path = LWWElementSetAddTest.swift; sourceTree = "<group>"; };
		3918C01B243E032C00729BF4 /* LWWElementSetRemoveTest.swift */ = {isa = PBXFileReference; lastKnownFileType = sourcecode.swift; path = LWWElementSetRemoveTest.swift; sourceTree = "<group>"; };
		3918C01D243E033900729BF4 /* LWWElementSetCompareTest.swift */ = {isa = PBXFileReference; lastKnownFileType = sourcecode.swift; path = LWWElementSetCompareTest.swift; sourceTree = "<group>"; };
		3918C01F243E034500729BF4 /* LWWElementSetMergeTest.swift */ = {isa = PBXFileReference; lastKnownFileType = sourcecode.swift; path = LWWElementSetMergeTest.swift; sourceTree = "<group>"; };
		3918C022243E045800729BF4 /* MockTimestampGeneratorAlwaysEqual.swift */ = {isa = PBXFileReference; lastKnownFileType = sourcecode.swift; path = MockTimestampGeneratorAlwaysEqual.swift; sourceTree = "<group>"; };
		396EC365243B5F1C00E147BE /* CRDT */ = {isa = PBXFileReference; explicitFileType = "compiled.mach-o.executable"; includeInIndex = 0; path = CRDT; sourceTree = BUILT_PRODUCTS_DIR; };
		396EC368243B5F1C00E147BE /* main.swift */ = {isa = PBXFileReference; lastKnownFileType = sourcecode.swift; path = main.swift; sourceTree = "<group>"; };
		396EC373243B5F8100E147BE /* CRDTTests.xctest */ = {isa = PBXFileReference; explicitFileType = wrapper.cfbundle; includeInIndex = 0; path = CRDTTests.xctest; sourceTree = BUILT_PRODUCTS_DIR; };
		396EC377243B5F8100E147BE /* Info.plist */ = {isa = PBXFileReference; lastKnownFileType = text.plist.xml; path = Info.plist; sourceTree = "<group>"; };
		396EC37B243B5FC300E147BE /* LWWElementSetLookupTest.swift */ = {isa = PBXFileReference; lastKnownFileType = sourcecode.swift; path = LWWElementSetLookupTest.swift; sourceTree = "<group>"; };
		396EC37D243B616E00E147BE /* LWWElementSet.swift */ = {isa = PBXFileReference; lastKnownFileType = sourcecode.swift; path = LWWElementSet.swift; sourceTree = "<group>"; };
/* End PBXFileReference section */

/* Begin PBXFrameworksBuildPhase section */
		396EC362243B5F1C00E147BE /* Frameworks */ = {
			isa = PBXFrameworksBuildPhase;
			buildActionMask = 2147483647;
			files = (
			);
			runOnlyForDeploymentPostprocessing = 0;
		};
		396EC370243B5F8100E147BE /* Frameworks */ = {
			isa = PBXFrameworksBuildPhase;
			buildActionMask = 2147483647;
			files = (
			);
			runOnlyForDeploymentPostprocessing = 0;
		};
/* End PBXFrameworksBuildPhase section */

/* Begin PBXGroup section */
		3918C021243E044900729BF4 /* Mocks */ = {
			isa = PBXGroup;
			children = (
				3918C022243E045800729BF4 /* MockTimestampGeneratorAlwaysEqual.swift */,
			);
			path = Mocks;
			sourceTree = "<group>";
		};
		396EC35C243B5F1C00E147BE = {
			isa = PBXGroup;
			children = (
				396EC367243B5F1C00E147BE /* CRDT */,
				396EC374243B5F8100E147BE /* CRDTTests */,
				396EC366243B5F1C00E147BE /* Products */,
			);
			sourceTree = "<group>";
		};
		396EC366243B5F1C00E147BE /* Products */ = {
			isa = PBXGroup;
			children = (
				396EC365243B5F1C00E147BE /* CRDT */,
				396EC373243B5F8100E147BE /* CRDTTests.xctest */,
			);
			name = Products;
			sourceTree = "<group>";
		};
		396EC367243B5F1C00E147BE /* CRDT */ = {
			isa = PBXGroup;
			children = (
				396EC368243B5F1C00E147BE /* main.swift */,
				396EC37D243B616E00E147BE /* LWWElementSet.swift */,
			);
			path = CRDT;
			sourceTree = "<group>";
		};
		396EC374243B5F8100E147BE /* CRDTTests */ = {
			isa = PBXGroup;
			children = (
				3918C021243E044900729BF4 /* Mocks */,
				396EC377243B5F8100E147BE /* Info.plist */,
				396EC37B243B5FC300E147BE /* LWWElementSetLookupTest.swift */,
				3918C019243E02F300729BF4 /* LWWElementSetAddTest.swift */,
				3918C01B243E032C00729BF4 /* LWWElementSetRemoveTest.swift */,
				3918C01D243E033900729BF4 /* LWWElementSetCompareTest.swift */,
				3918C01F243E034500729BF4 /* LWWElementSetMergeTest.swift */,
			);
			path = CRDTTests;
			sourceTree = "<group>";
		};
/* End PBXGroup section */

/* Begin PBXNativeTarget section */
		396EC364243B5F1C00E147BE /* CRDT */ = {
			isa = PBXNativeTarget;
			buildConfigurationList = 396EC36C243B5F1C00E147BE /* Build configuration list for PBXNativeTarget "CRDT" */;
			buildPhases = (
				396EC361243B5F1C00E147BE /* Sources */,
				396EC362243B5F1C00E147BE /* Frameworks */,
				396EC363243B5F1C00E147BE /* CopyFiles */,
			);
			buildRules = (
			);
			dependencies = (
			);
			name = CRDT;
			productName = CRDT;
			productReference = 396EC365243B5F1C00E147BE /* CRDT */;
			productType = "com.apple.product-type.tool";
		};
		396EC372243B5F8100E147BE /* CRDTTests */ = {
			isa = PBXNativeTarget;
			buildConfigurationList = 396EC378243B5F8100E147BE /* Build configuration list for PBXNativeTarget "CRDTTests" */;
			buildPhases = (
				396EC36F243B5F8100E147BE /* Sources */,
				396EC370243B5F8100E147BE /* Frameworks */,
				396EC371243B5F8100E147BE /* Resources */,
			);
			buildRules = (
			);
			dependencies = (
				396EC384243B755100E147BE /* PBXTargetDependency */,
			);
			name = CRDTTests;
			productName = CRDTTests;
			productReference = 396EC373243B5F8100E147BE /* CRDTTests.xctest */;
			productType = "com.apple.product-type.bundle.unit-test";
		};
/* End PBXNativeTarget section */

/* Begin PBXProject section */
		396EC35D243B5F1C00E147BE /* Project object */ = {
			isa = PBXProject;
			attributes = {
				LastSwiftUpdateCheck = 1130;
				LastUpgradeCheck = 1130;
				ORGANIZATIONNAME = "Kam Hei Siu";
				TargetAttributes = {
					396EC364243B5F1C00E147BE = {
						CreatedOnToolsVersion = 11.3.1;
					};
					396EC372243B5F8100E147BE = {
						CreatedOnToolsVersion = 11.3.1;
						LastSwiftMigration = 1130;
					};
				};
			};
			buildConfigurationList = 396EC360243B5F1C00E147BE /* Build configuration list for PBXProject "CRDT" */;
			compatibilityVersion = "Xcode 9.3";
			developmentRegion = en;
			hasScannedForEncodings = 0;
			knownRegions = (
				en,
				Base,
			);
			mainGroup = 396EC35C243B5F1C00E147BE;
			productRefGroup = 396EC366243B5F1C00E147BE /* Products */;
			projectDirPath = "";
			projectRoot = "";
			targets = (
				396EC364243B5F1C00E147BE /* CRDT */,
				396EC372243B5F8100E147BE /* CRDTTests */,
			);
		};
/* End PBXProject section */

/* Begin PBXResourcesBuildPhase section */
		396EC371243B5F8100E147BE /* Resources */ = {
			isa = PBXResourcesBuildPhase;
			buildActionMask = 2147483647;
			files = (
			);
			runOnlyForDeploymentPostprocessing = 0;
		};
/* End PBXResourcesBuildPhase section */

/* Begin PBXSourcesBuildPhase section */
		396EC361243B5F1C00E147BE /* Sources */ = {
			isa = PBXSourcesBuildPhase;
			buildActionMask = 2147483647;
			files = (
				396EC37E243B616E00E147BE /* LWWElementSet.swift in Sources */,
				396EC369243B5F1C00E147BE /* main.swift in Sources */,
			);
			runOnlyForDeploymentPostprocessing = 0;
		};
		396EC36F243B5F8100E147BE /* Sources */ = {
			isa = PBXSourcesBuildPhase;
			buildActionMask = 2147483647;
			files = (
				3918C023243E045800729BF4 /* MockTimestampGeneratorAlwaysEqual.swift in Sources */,
				3918C020243E034500729BF4 /* LWWElementSetMergeTest.swift in Sources */,
				396EC3CE243B783D00E147BE /* main.swift in Sources */,
				396EC37C243B5FC300E147BE /* LWWElementSetLookupTest.swift in Sources */,
				3918C01E243E033900729BF4 /* LWWElementSetCompareTest.swift in Sources */,
				3918C01C243E032C00729BF4 /* LWWElementSetRemoveTest.swift in Sources */,
				3918C01A243E02F300729BF4 /* LWWElementSetAddTest.swift in Sources */,
				396EC3CF243B784000E147BE /* LWWElementSet.swift in Sources */,
			);
			runOnlyForDeploymentPostprocessing = 0;
		};
/* End PBXSourcesBuildPhase section */

/* Begin PBXTargetDependency section */
		396EC384243B755100E147BE /* PBXTargetDependency */ = {
			isa = PBXTargetDependency;
			target = 396EC364243B5F1C00E147BE /* CRDT */;
			targetProxy = 396EC383243B755100E147BE /* PBXContainerItemProxy */;
		};
/* End PBXTargetDependency section */

/* Begin XCBuildConfiguration section */
		396EC36A243B5F1C00E147BE /* Debug */ = {
			isa = XCBuildConfiguration;
			buildSettings = {
				ALWAYS_SEARCH_USER_PATHS = NO;
				CLANG_ANALYZER_NONNULL = YES;
				CLANG_ANALYZER_NUMBER_OBJECT_CONVERSION = YES_AGGRESSIVE;
				CLANG_CXX_LANGUAGE_STANDARD = "gnu++14";
				CLANG_CXX_LIBRARY = "libc++";
				CLANG_ENABLE_MODULES = YES;
				CLANG_ENABLE_OBJC_ARC = YES;
				CLANG_ENABLE_OBJC_WEAK = YES;
				CLANG_WARN_BLOCK_CAPTURE_AUTORELEASING = YES;
				CLANG_WARN_BOOL_CONVERSION = YES;
				CLANG_WARN_COMMA = YES;
				CLANG_WARN_CONSTANT_CONVERSION = YES;
				CLANG_WARN_DEPRECATED_OBJC_IMPLEMENTATIONS = YES;
				CLANG_WARN_DIRECT_OBJC_ISA_USAGE = YES_ERROR;
				CLANG_WARN_DOCUMENTATION_COMMENTS = YES;
				CLANG_WARN_EMPTY_BODY = YES;
				CLANG_WARN_ENUM_CONVERSION = YES;
				CLANG_WARN_INFINITE_RECURSION = YES;
				CLANG_WARN_INT_CONVERSION = YES;
				CLANG_WARN_NON_LITERAL_NULL_CONVERSION = YES;
				CLANG_WARN_OBJC_IMPLICIT_RETAIN_SELF = YES;
				CLANG_WARN_OBJC_LITERAL_CONVERSION = YES;
				CLANG_WARN_OBJC_ROOT_CLASS = YES_ERROR;
				CLANG_WARN_RANGE_LOOP_ANALYSIS = YES;
				CLANG_WARN_STRICT_PROTOTYPES = YES;
				CLANG_WARN_SUSPICIOUS_MOVE = YES;
				CLANG_WARN_UNGUARDED_AVAILABILITY = YES_AGGRESSIVE;
				CLANG_WARN_UNREACHABLE_CODE = YES;
				CLANG_WARN__DUPLICATE_METHOD_MATCH = YES;
				COPY_PHASE_STRIP = NO;
				DEBUG_INFORMATION_FORMAT = dwarf;
				ENABLE_STRICT_OBJC_MSGSEND = YES;
				ENABLE_TESTABILITY = YES;
				GCC_C_LANGUAGE_STANDARD = gnu11;
				GCC_DYNAMIC_NO_PIC = NO;
				GCC_NO_COMMON_BLOCKS = YES;
				GCC_OPTIMIZATION_LEVEL = 0;
				GCC_PREPROCESSOR_DEFINITIONS = (
					"DEBUG=1",
					"$(inherited)",
				);
				GCC_WARN_64_TO_32_BIT_CONVERSION = YES;
				GCC_WARN_ABOUT_RETURN_TYPE = YES_ERROR;
				GCC_WARN_UNDECLARED_SELECTOR = YES;
				GCC_WARN_UNINITIALIZED_AUTOS = YES_AGGRESSIVE;
				GCC_WARN_UNUSED_FUNCTION = YES;
				GCC_WARN_UNUSED_VARIABLE = YES;
				MACOSX_DEPLOYMENT_TARGET = 10.15;
				MTL_ENABLE_DEBUG_INFO = INCLUDE_SOURCE;
				MTL_FAST_MATH = YES;
				ONLY_ACTIVE_ARCH = YES;
				SDKROOT = macosx;
				SWIFT_ACTIVE_COMPILATION_CONDITIONS = DEBUG;
				SWIFT_OPTIMIZATION_LEVEL = "-Onone";
			};
			name = Debug;
		};
		396EC36B243B5F1C00E147BE /* Release */ = {
			isa = XCBuildConfiguration;
			buildSettings = {
				ALWAYS_SEARCH_USER_PATHS = NO;
				CLANG_ANALYZER_NONNULL = YES;
				CLANG_ANALYZER_NUMBER_OBJECT_CONVERSION = YES_AGGRESSIVE;
				CLANG_CXX_LANGUAGE_STANDARD = "gnu++14";
				CLANG_CXX_LIBRARY = "libc++";
				CLANG_ENABLE_MODULES = YES;
				CLANG_ENABLE_OBJC_ARC = YES;
				CLANG_ENABLE_OBJC_WEAK = YES;
				CLANG_WARN_BLOCK_CAPTURE_AUTORELEASING = YES;
				CLANG_WARN_BOOL_CONVERSION = YES;
				CLANG_WARN_COMMA = YES;
				CLANG_WARN_CONSTANT_CONVERSION = YES;
				CLANG_WARN_DEPRECATED_OBJC_IMPLEMENTATIONS = YES;
				CLANG_WARN_DIRECT_OBJC_ISA_USAGE = YES_ERROR;
				CLANG_WARN_DOCUMENTATION_COMMENTS = YES;
				CLANG_WARN_EMPTY_BODY = YES;
				CLANG_WARN_ENUM_CONVERSION = YES;
				CLANG_WARN_INFINITE_RECURSION = YES;
				CLANG_WARN_INT_CONVERSION = YES;
				CLANG_WARN_NON_LITERAL_NULL_CONVERSION = YES;
				CLANG_WARN_OBJC_IMPLICIT_RETAIN_SELF = YES;
				CLANG_WARN_OBJC_LITERAL_CONVERSION = YES;
				CLANG_WARN_OBJC_ROOT_CLASS = YES_ERROR;
				CLANG_WARN_RANGE_LOOP_ANALYSIS = YES;
				CLANG_WARN_STRICT_PROTOTYPES = YES;
				CLANG_WARN_SUSPICIOUS_MOVE = YES;
				CLANG_WARN_UNGUARDED_AVAILABILITY = YES_AGGRESSIVE;
				CLANG_WARN_UNREACHABLE_CODE = YES;
				CLANG_WARN__DUPLICATE_METHOD_MATCH = YES;
				COPY_PHASE_STRIP = NO;
				DEBUG_INFORMATION_FORMAT = "dwarf-with-dsym";
				ENABLE_NS_ASSERTIONS = NO;
				ENABLE_STRICT_OBJC_MSGSEND = YES;
				GCC_C_LANGUAGE_STANDARD = gnu11;
				GCC_NO_COMMON_BLOCKS = YES;
				GCC_WARN_64_TO_32_BIT_CONVERSION = YES;
				GCC_WARN_ABOUT_RETURN_TYPE = YES_ERROR;
				GCC_WARN_UNDECLARED_SELECTOR = YES;
				GCC_WARN_UNINITIALIZED_AUTOS = YES_AGGRESSIVE;
				GCC_WARN_UNUSED_FUNCTION = YES;
				GCC_WARN_UNUSED_VARIABLE = YES;
				MACOSX_DEPLOYMENT_TARGET = 10.15;
				MTL_ENABLE_DEBUG_INFO = NO;
				MTL_FAST_MATH = YES;
				SDKROOT = macosx;
				SWIFT_COMPILATION_MODE = wholemodule;
				SWIFT_OPTIMIZATION_LEVEL = "-O";
			};
			name = Release;
		};
		396EC36D243B5F1C00E147BE /* Debug */ = {
			isa = XCBuildConfiguration;
			buildSettings = {
				CODE_SIGN_STYLE = Automatic;
				PRODUCT_NAME = "$(TARGET_NAME)";
				SWIFT_VERSION = 5.0;
			};
			name = Debug;
		};
		396EC36E243B5F1C00E147BE /* Release */ = {
			isa = XCBuildConfiguration;
			buildSettings = {
				CODE_SIGN_STYLE = Automatic;
				PRODUCT_NAME = "$(TARGET_NAME)";
				SWIFT_VERSION = 5.0;
			};
			name = Release;
		};
		396EC379243B5F8100E147BE /* Debug */ = {
			isa = XCBuildConfiguration;
			buildSettings = {
				CLANG_ENABLE_MODULES = YES;
				CODE_SIGN_STYLE = Automatic;
				COMBINE_HIDPI_IMAGES = YES;
				INFOPLIST_FILE = CRDTTests/Info.plist;
				LD_RUNPATH_SEARCH_PATHS = (
					"$(inherited)",
					"@executable_path/../Frameworks",
					"@loader_path/../Frameworks",
				);
				PRODUCT_BUNDLE_IDENTIFIER = kenSiu.CRDTTests;
				PRODUCT_NAME = "$(TARGET_NAME)";
				SWIFT_OPTIMIZATION_LEVEL = "-Onone";
				SWIFT_VERSION = 5.0;
			};
			name = Debug;
		};
		396EC37A243B5F8100E147BE /* Release */ = {
			isa = XCBuildConfiguration;
			buildSettings = {
				CLANG_ENABLE_MODULES = YES;
				CODE_SIGN_STYLE = Automatic;
				COMBINE_HIDPI_IMAGES = YES;
				INFOPLIST_FILE = CRDTTests/Info.plist;
				LD_RUNPATH_SEARCH_PATHS = (
					"$(inherited)",
					"@executable_path/../Frameworks",
					"@loader_path/../Frameworks",
				);
				PRODUCT_BUNDLE_IDENTIFIER = kenSiu.CRDTTests;
				PRODUCT_NAME = "$(TARGET_NAME)";
				SWIFT_VERSION = 5.0;
			};
			name = Release;
		};
/* End XCBuildConfiguration section */

/* Begin XCConfigurationList section */
		396EC360243B5F1C00E147BE /* Build configuration list for PBXProject "CRDT" */ = {
			isa = XCConfigurationList;
			buildConfigurations = (
				396EC36A243B5F1C00E147BE /* Debug */,
				396EC36B243B5F1C00E147BE /* Release */,
			);
			defaultConfigurationIsVisible = 0;
			defaultConfigurationName = Release;
		};
		396EC36C243B5F1C00E147BE /* Build configuration list for PBXNativeTarget "CRDT" */ = {
			isa = XCConfigurationList;
			buildConfigurations = (
				396EC36D243B5F1C00E147BE /* Debug */,
				396EC36E243B5F1C00E147BE /* Release */,
			);
			defaultConfigurationIsVisible = 0;
			defaultConfigurationName = Release;
		};
		396EC378243B5F8100E147BE /* Build configuration list for PBXNativeTarget "CRDTTests" */ = {
			isa = XCConfigurationList;
			buildConfigurations = (
				396EC379243B5F8100E147BE /* Debug */,
				396EC37A243B5F8100E147BE /* Release */,
			);
			defaultConfigurationIsVisible = 0;
			defaultConfigurationName = Release;
		};
/* End XCConfigurationList section */
	};
	rootObject = 396EC35D243B5F1C00E147BE /* Project object */;
}
